
Microsoft Visual Studio Solution File, Format Version 12.00
# Visual Studio Version 17
VisualStudioVersion = 17.5.002.0
MinimumVisualStudioVersion = 10.0.40219.1
Project("{9A19103F-16F7-4668-BE54-9A1E7A4F7556}") = "customer control system", "customer control system.csproj", "{F016ACCB-E2F0-4B5B-99B1-0DD6F6EF1263}"
EndProject
Global
	GlobalSection(SolutionConfigurationPlatforms) = preSolution
		Debug|Any CPU = Debug|Any CPU
		Release|Any CPU = Release|Any CPU
	EndGlobalSection
	GlobalSection(ProjectConfigurationPlatforms) = postSolution
		{F016ACCB-E2F0-4B5B-99B1-0DD6F6EF1263}.Debug|Any CPU.ActiveCfg = Debug|Any CPU
		{F016ACCB-E2F0-4B5B-99B1-0DD6F6EF1263}.Debug|Any CPU.Build.0 = Debug|Any CPU
		{F016ACCB-E2F0-4B5B-99B1-0DD6F6EF1263}.Release|Any CPU.ActiveCfg = Release|Any CPU
		{F016ACCB-E2F0-4B5B-99B1-0DD6F6EF1263}.Release|Any CPU.Build.0 = Release|Any CPU
	EndGlobalSection
	GlobalSection(SolutionProperties) = preSolution
		HideSolutionNode = FALSE
	EndGlobalSection
	GlobalSection(ExtensibilityGlobals) = postSolution
		SolutionGuid = {B298403B-B34E-4B0E-8BD8-B244A295A861}
	EndGlobalSection
EndGlobal
